# This file is autogenerated, do not edit; changes may be undone by the next 'dep ensure'.


[[projects]]
  digest = "1:a40a88a5ef345c3c952f7557c1d8fd73bfd10b4a2a5a19d58acf52c192614f64"
  name = "cloud.google.com/go"
  packages = ["compute/metadata"]
  pruneopts = "NUT"
  revision = "e5804108aed715c49f731aab1a847f063fb23681"
  version = "v0.50.0"

[[projects]]
  branch = "master"
  digest = "1:81f8c061c3d18ed1710957910542bc17d2b789c6cd19e0f654c30b35fd255ca5"
  name = "github.com/Azure/go-ansiterm"
  packages = [
    ".",
    "winterm",
  ]
  pruneopts = "NUT"
  revision = "d6e3b3328b783f23731bc4d058875b0371ff8109"

[[projects]]
  digest = "1:9919cde53f3e7aeb0c4bc3e34fd188e9614b573d629935e4babf0b5b1758488e"
  name = "github.com/Masterminds/semver"
  packages = ["."]
  pruneopts = "NUT"
  revision = "910aa146bd66780c2815d652b92a7fc5331e533c"
  version = "v3.0.3"

[[projects]]
  digest = "1:4816836c291b7f2a0da7deefa679ef234be8ad845a199ed2e48779234536cefa"
  name = "github.com/Microsoft/go-winio"
  packages = [
    ".",
    "pkg/guid",
  ]
  pruneopts = "NUT"
  revision = "6c72808b55902eae4c5943626030429ff20f3b63"
  version = "v0.4.14"

[[projects]]
  digest = "1:e893c4b3dd07ff6aadc49350676a98f462815fa63017570adcf8522fd06f0132"
  name = "github.com/Microsoft/hcsshim"
  packages = [
    ".",
    "internal/guid",
    "internal/hcs",
    "internal/hcserror",
    "internal/hns",
    "internal/interop",
    "internal/logfields",
    "internal/longpath",
    "internal/mergemaps",
    "internal/safefile",
    "internal/schema1",
    "internal/schema2",
    "internal/timeout",
    "internal/wclayer",
    "osversion",
  ]
  pruneopts = "NUT"
  revision = "2226e083fc390003ae5aa8325c3c92789afa0e7a"

[[projects]]
  branch = "master"
  digest = "1:47ea4fbe2ab4aeb9808502c51e657041c2e49b36b83fc1c1a349135cdf16342f"
  name = "github.com/agl/ed25519"
  packages = [
    ".",
    "edwards25519",
  ]
  pruneopts = "NUT"
  revision = "5312a61534124124185d41f09206b9fef1d88403"

[[projects]]
  digest = "1:707ebe952a8b3d00b343c01536c79c73771d100f63ec6babeaed5c79e2b8a8dd"
  name = "github.com/beorn7/perks"
  packages = ["quantile"]
  pruneopts = "NUT"
  revision = "37c8de3658fcb183f997c4e13e8337516ab753e6"
  version = "v1.0.1"

[[projects]]
  branch = "master"
  digest = "1:286b2443cbc82d55d03cf5fc69fef67d65db764ada329165192bda3dfe133915"
  name = "github.com/containerd/console"
  packages = ["."]
  pruneopts = "NUT"
  revision = "8375c3424e4d7b114e8a90a4a40c8e1b40d1d4e6"

[[projects]]
  digest = "1:7db14e0f0fa2f667b063c19e39774d924092655e4db20221c1d9aca0cd4caf49"
  name = "github.com/containerd/containerd"
  packages = [
    "api/services/content/v1",
    "archive/compression",
    "containers",
    "content",
    "content/local",
    "content/proxy",
    "errdefs",
    "filters",
    "identifiers",
    "images",
    "labels",
    "log",
    "mount",
    "namespaces",
    "oci",
    "platforms",
    "reference",
    "remotes",
    "remotes/docker",
    "remotes/docker/schema1",
    "services/content/contentserver",
    "snapshots",
    "sys",
    "version",
  ]
  pruneopts = "NUT"
  revision = "97712c8ad73dd302d5d226e0384b2d86e5de2989"

[[projects]]
  branch = "master"
  digest = "1:9c69e5f6209ff02002a9f1d111c7cbff2059d7e108b9282d4ac56ef943662797"
  name = "github.com/containerd/continuity"
  packages = [
    "fs",
    "syscallx",
    "sysx",
  ]
  pruneopts = "NUT"
  revision = "1097c8bae83b84cf3dfccfcc542e06c8c28ea3f4"

[[projects]]
  branch = "master"
  digest = "1:eb5fb97306cdb4c742502554fbb87d4318d2ca9b749aac48d4374eb9f8261929"
  name = "github.com/containerd/ttrpc"
  packages = ["."]
  pruneopts = "NUT"
  revision = "4f1b8fe65a5c6ab7ecd74a227d6cde85b519af35"

[[projects]]
  digest = "1:c8937791e9fbfc12439274c5413891dd0e8de9e4c52abdb4fd4f04ceb41e481a"
  name = "github.com/coreos/etcd"
  packages = ["raft/raftpb"]
  pruneopts = "NUT"
  revision = "3cf2f69b5738fb702ba1a935590f36b52b18979b"
  version = "v3.4.3"

[[projects]]
  digest = "1:ffe9824d294da03b391f44e1ae8281281b4afc1bdaa9588c9097785e3af10cec"
  name = "github.com/davecgh/go-spew"
  packages = ["spew"]
  pruneopts = "NUT"
  revision = "8991bc29aa16c548c550c7ff78260e27b9ab7c73"
  version = "v1.1.1"

[[projects]]
  digest = "1:e7719c3f4db444af314e43231f9bff4c4c9bcbb327faffe186bf2e026473abd9"
  name = "github.com/deislabs/cnab-go"
  packages = [
    "action",
    "bundle",
    "bundle/definition",
    "claim",
    "credentials",
    "driver",
    "driver/docker",
    "utils/crud",
  ]
  pruneopts = "NUT"
  revision = "a1f17dcdaaff3e06c95ed85c3a34c21c35833831"
  version = "v0.7.1-beta1"

[[projects]]
  digest = "1:db6ae89e20ff371a1c7786d778abb9163bac50ba726bb2e5d2257d72eaf24885"
  name = "github.com/docker/buildx"
  packages = [
    "build",
    "driver",
    "driver/docker",
    "store",
    "util/imagetools",
    "util/platformutil",
    "util/progress",
  ]
  pruneopts = "NUT"
  revision = "709ef36b4f10a9389fd9a806657c48a969909d85"

[[projects]]
  digest = "1:98c38caeb99733d12b856e3de98f7dcf345704996d9e9887950097bc605a22df"
  name = "github.com/docker/cli"
  packages = [
    "cli",
    "cli-plugins/manager",
    "cli-plugins/plugin",
    "cli/command",
    "cli/command/formatter",
    "cli/command/idresolver",
    "cli/command/inspect",
    "cli/command/node",
    "cli/command/service",
    "cli/command/service/progress",
    "cli/command/stack",
    "cli/command/stack/formatter",
    "cli/command/stack/kubernetes",
    "cli/command/stack/loader",
    "cli/command/stack/options",
    "cli/command/stack/swarm",
    "cli/command/task",
    "cli/compose/convert",
    "cli/compose/interpolation",
    "cli/compose/loader",
    "cli/compose/schema",
    "cli/compose/template",
    "cli/compose/types",
    "cli/config",
    "cli/config/configfile",
    "cli/config/credentials",
    "cli/config/types",
    "cli/connhelper",
    "cli/connhelper/commandconn",
    "cli/connhelper/ssh",
    "cli/context",
    "cli/context/docker",
    "cli/context/kubernetes",
    "cli/context/store",
    "cli/debug",
    "cli/flags",
    "cli/manifest/store",
    "cli/manifest/types",
    "cli/registry/client",
    "cli/streams",
    "cli/trust",
    "cli/version",
    "kubernetes",
    "opts",
    "service/logs",
    "templates",
  ]
  pruneopts = "UT"
  revision = "abafad3df202a691bc07332ea166af548a6cd9a0"

[[projects]]
  digest = "1:0e9b90a528fee13963349cafa370f9709e7f1ef0df9eea53f31659aff2385336"
  name = "github.com/docker/cnab-to-oci"
  packages = [
    "converter",
    "internal",
    "relocation",
    "remotes",
  ]
  pruneopts = "NUT"
  revision = "aee9731b9e2d6066455e601f249835b10d5f87b7"
  version = "v0.3.0-beta2"

[[projects]]
  digest = "1:d29e07dc6fff1d592442bdf6b947f3a89d418ac6d65344d4e048c64a7cdd511c"
  name = "github.com/docker/compose-on-kubernetes"
  packages = [
    "api",
    "api/client/clientset/scheme",
    "api/client/clientset/typed/compose/v1alpha3",
    "api/client/clientset/typed/compose/v1beta1",
    "api/client/clientset/typed/compose/v1beta2",
    "api/compose/clone",
    "api/compose/impersonation",
    "api/compose/v1alpha3",
    "api/compose/v1beta1",
    "api/compose/v1beta2",
    "api/labels",
  ]
  pruneopts = "NUT"
  revision = "c8257fb7e45a5ee9a0ced6e0baccb47e44df45b9"
  version = "v0.4.24"

[[projects]]
  digest = "1:a4fe79e011d5a076e0d1cd4817465923388197bd09f9f92e973b8831427be1fa"
  name = "github.com/docker/distribution"
  packages = [
    ".",
    "digestset",
    "manifest",
    "manifest/manifestlist",
    "manifest/schema2",
    "metrics",
    "reference",
    "registry/api/errcode",
    "registry/api/v2",
    "registry/client",
    "registry/client/auth",
    "registry/client/auth/challenge",
    "registry/client/transport",
    "registry/storage/cache",
    "registry/storage/cache/memory",
    "uuid",
  ]
  pruneopts = "NUT"
  revision = "0d3efadf0154c2b8a4e7b6621fff9809655cc580"

[[projects]]
  branch = "master"
  digest = "1:a44e52f3ec3befbc698e04a65bbaa88e17c3142704750e250ca676bd4d715067"
  name = "github.com/docker/docker"
  packages = [
    "api",
    "api/types",
    "api/types/blkiodev",
    "api/types/container",
    "api/types/events",
    "api/types/filters",
    "api/types/image",
    "api/types/mount",
    "api/types/network",
    "api/types/registry",
    "api/types/strslice",
    "api/types/swarm",
    "api/types/swarm/runtime",
    "api/types/time",
    "api/types/versions",
    "api/types/volume",
    "client",
    "errdefs",
    "pkg/archive",
    "pkg/fileutils",
    "pkg/homedir",
    "pkg/idtools",
    "pkg/ioutils",
    "pkg/jsonmessage",
    "pkg/longpath",
    "pkg/mount",
    "pkg/namesgenerator",
    "pkg/pools",
    "pkg/progress",
    "pkg/stdcopy",
    "pkg/streamformatter",
    "pkg/stringid",
    "pkg/system",
    "pkg/tarsum",
    "pkg/term",
    "pkg/term/windows",
    "pkg/urlutil",
    "reference",
    "registry",
    "registry/resumable",
    "rootless",
  ]
  pruneopts = "NUT"
  revision = "bbcabf69c81b2c4c9e13281fc3c0a72669d3f44a"

[[projects]]
  digest = "1:9f3f49b4e32d3da2dd6ed07cc568627b53cc80205c0dcf69f4091f027416cb60"
  name = "github.com/docker/docker-credential-helpers"
  packages = [
    "client",
    "credentials",
  ]
  pruneopts = "NUT"
  revision = "54f0238b6bf101fc3ad3b34114cb5520beb562f5"
  version = "v0.6.3"

[[projects]]
  digest = "1:44fd27d0559326eb63ee0b7b5c80832c821761ff6d1b9cc4ad075783485a5837"
  name = "github.com/docker/go"
  packages = ["canonical/json"]
  pruneopts = "NUT"
  revision = "62e5ec7cf43f795986ec658df7cb317255772993"
  version = "v1.5.1-1"

[[projects]]
  digest = "1:2a47f7eb1a2c30428d1ee6808cb66d4deb17e68a3e55d696f03c8068552ba5e8"
  name = "github.com/docker/go-connections"
  packages = [
    "nat",
    "sockets",
    "tlsconfig",
  ]
  pruneopts = "NUT"
  revision = "7395e3f8aa162843a74ed6d48e79627d9792ac55"
  version = "v0.4.0"

[[projects]]
  branch = "master"
  digest = "1:627145eb2e4901af1b7814bc1512b87feeebdfb1746a6bca00789c1a99a61295"
  name = "github.com/docker/go-events"
  packages = ["."]
  pruneopts = "NUT"
  revision = "e31b211e4f1cd09aa76fe4ac244571fab96ae47f"

[[projects]]
  digest = "1:f46b7a16ee90fa98b687ffa27fdca5af8ce8947562307e4318a7e0598005be55"
  name = "github.com/docker/go-metrics"
  packages = ["."]
  pruneopts = "NUT"
  revision = "d466d4f6fd960e01820085bd7e1a24426ee7ef18"

[[projects]]
  digest = "1:97176fe8a268479a527d08df458c269dc27abf59c1643807d4e36398cbd9ef2d"
  name = "github.com/docker/go-units"
  packages = ["."]
  pruneopts = "NUT"
  revision = "519db1ee28dcc9fd2474ae59fca29a810482bfb1"
  version = "v0.4.0"

[[projects]]
  digest = "1:c6066f9ebeed9d0b7e9dbd6bad89bc049ac2274b0333bb098c4308ac83637759"
  name = "github.com/docker/swarmkit"
  packages = [
    "api",
    "api/deepcopy",
    "api/defaults",
    "api/genericresource",
    "manager/raftselector",
    "protobuf/plugin",
  ]
  pruneopts = "NUT"
  revision = "18e7e58ea1a5ec016625a636d0d52500eea123bc"

[[projects]]
  digest = "1:b7ffca49e9cfd3dfb04a8e0a59347708c6f78f68476a32c5e0a0edca5d1b258c"
  name = "github.com/dustin/go-humanize"
  packages = ["."]
  pruneopts = "NUT"
  revision = "9f541cc9db5d55bce703bd99987c9d5cb8eea45e"
  version = "v1.0.0"

[[projects]]
  branch = "master"
  digest = "1:6be8997d410d48dd045a8c18ee25e59ebfaeb9aa502c240b0d8ad9bb3e3fdd4f"
  name = "github.com/globalsign/mgo"
  packages = [
    ".",
    "bson",
    "internal/json",
    "internal/sasl",
    "internal/scram",
  ]
  pruneopts = "NUT"
  revision = "eeefdecb41b842af6dc652aaea4026e8403e62df"

[[projects]]
  digest = "1:2dcc32af5bf38c37286c96f0077efa98007f67946b690fce98a3e07b9659bdf1"
  name = "github.com/gofrs/flock"
  packages = ["."]
  pruneopts = "NUT"
  revision = "392e7fae8f1b0bdbd67dad7237d23f618feb6dbb"
  version = "v0.7.1"

[[projects]]
  digest = "1:0f4a47cf21b04a44018f797e07d9138f07cc270cd19c79e187db81bce1b0ee28"
  name = "github.com/gogo/googleapis"
  packages = ["google/rpc"]
  pruneopts = "NUT"
  revision = "e5a9c66aed7069401eba5043fce83d1ef628dc96"
  version = "v1.3.1"

[[projects]]
  digest = "1:a25f6712ab0e2e053ea8a723d345105367bc5a695deeda08d95ef3f30b9d1944"
  name = "github.com/gogo/protobuf"
  packages = [
    "gogoproto",
    "proto",
    "protoc-gen-gogo/descriptor",
    "sortkeys",
    "types",
  ]
  pruneopts = "NUT"
  revision = "5628607bb4c51c3157aacc3a50f0ab707582b805"
  version = "v1.3.1"

[[projects]]
  digest = "1:796f9c63c68774a89eade387a8476e45ec2b34f5649b0726983204202c3649d6"
  name = "github.com/golang/protobuf"
  packages = [
    "proto",
    "ptypes",
    "ptypes/any",
    "ptypes/duration",
    "ptypes/timestamp",
  ]
  pruneopts = "NUT"
  revision = "6c65a5562fc06764971b7c5d05c76c75e84bdbf7"
  version = "v1.3.2"

[[projects]]
  digest = "1:2e3c336fc7fde5c984d2841455a658a6d626450b1754a854b3b32e7a8f49a07a"
  name = "github.com/google/go-cmp"
  packages = [
    "cmp",
    "cmp/internal/diff",
    "cmp/internal/function",
    "cmp/internal/value",
  ]
  pruneopts = "NUT"
  revision = "3af367b6b30c263d47e8895973edcca9a49cf029"
  version = "v0.2.0"

[[projects]]
  digest = "1:52c5834e2bebac9030c97cc0798ac11c3aa8a39f098aeb419f142533da6cd3cc"
  name = "github.com/google/gofuzz"
  packages = ["."]
  pruneopts = "NUT"
  revision = "f140a6486e521aad38f5917de355cbf147cc0496"
  version = "v1.0.0"

[[projects]]
  branch = "master"
  digest = "1:c54b2df9eb45e238bca9d7f0e1a4acc90a2e6284e8d31c0df3ec72886ec53406"
  name = "github.com/google/shlex"
  packages = ["."]
  pruneopts = "NUT"
  revision = "e7afc7fbc51079733e9468cdfd1efcd7d196cd1d"

[[projects]]
  digest = "1:5e092394bed250d7fda36cef8b7e1d22bb2d5f71878bbb137be5fc1c2705f965"
  name = "github.com/googleapis/gnostic"
  packages = [
    "OpenAPIv2",
    "compiler",
    "extensions",
  ]
  pruneopts = "NUT"
  revision = "ab0dd09aa10e2952b28e12ecd35681b20463ebab"
  version = "v0.3.1"

[[projects]]
  digest = "1:3c8c26bb118e3f02230d4f5f30b972dbfe0c6b371acea8f190aa99ceaaae7028"
  name = "github.com/gorilla/mux"
  packages = ["."]
  pruneopts = "NUT"
  revision = "00bdffe0f3c77e27d2cf6f5c70232a2d3e4d9c15"
  version = "v1.7.3"

[[projects]]
  branch = "master"
  digest = "1:7b760aa6dbe426378f54934270dde1b176fda379111da2154748f030fffe4d3f"
  name = "github.com/grpc-ecosystem/grpc-opentracing"
  packages = ["go/otgrpc"]
  pruneopts = "NUT"
  revision = "8e809c8a86450a29b90dcc9efbf062d0fe6d9746"

[[projects]]
  digest = "1:f0d9d74edbd40fdeada436d5ac9cb5197407899af3fef85ff0137077ffe8ae19"
  name = "github.com/hashicorp/errwrap"
  packages = ["."]
  pruneopts = "NUT"
  revision = "8a6fb523712970c966eefc6b39ed2c5e74880354"
  version = "v1.0.0"

[[projects]]
  digest = "1:2ed138049ab373f696db2081ca48f15c5abdf20893803612a284f2bdce2bf443"
  name = "github.com/hashicorp/go-multierror"
  packages = ["."]
  pruneopts = "NUT"
  revision = "886a7fbe3eb1c874d46f623bfa70af45f425b3d1"
  version = "v1.0.0"

[[projects]]
  digest = "1:ed860d2b2c1d066d36a89c982eefc7d019badd534f60e87ab65d3d94f0797ef0"
  name = "github.com/hashicorp/golang-lru"
  packages = [
    ".",
    "simplelru",
  ]
  pruneopts = "NUT"
  revision = "7f827b33c0f158ec5dfbba01bb0b14a4541fd81d"
  version = "v0.5.3"

[[projects]]
  branch = "master"
  digest = "1:7c47a990a91ab4922f4009c8ba8dcf35dad08e2b697cf26ea87eaae90e3f7aa1"
  name = "github.com/imdario/mergo"
  packages = ["."]
  pruneopts = "NUT"
  revision = "1afb36080aec31e0d1528973ebe6721b191b0369"

[[projects]]
  digest = "1:406338ad39ab2e37b7f4452906442a3dbf0eb3379dd1f06aafb5c07e769a5fbb"
  name = "github.com/inconshreveable/mousetrap"
  packages = ["."]
  pruneopts = "NUT"
  revision = "76626ae9c91c4f2a10f34cad8ce83ea42c93bb75"
  version = "v1.0"

[[projects]]
  digest = "1:8e34e38aafc5f66eb68ba2ece587d5a8267cae283f68591869cb8714eb27a2c0"
  name = "github.com/jackpal/gateway"
  packages = ["."]
  pruneopts = "NUT"
  revision = "5ceb358a720efa82a5692470f37874b1f48035ad"

[[projects]]
  digest = "1:fbfb539de947ebc48768d413ee811e3ff34d32636ff0965a517e7786e559f66b"
  name = "github.com/jaguilar/vt100"
  packages = ["."]
  pruneopts = "NUT"
  revision = "ad4c4a5743050fb7f88ce968dca9422f72a0e3f2"
  source = "github.com/tonistiigi/vt100"

[[projects]]
  digest = "1:88116f979a2f3ff8e6748a942ec37efd668ba2db062fc9a5e47f4dd2de339a38"
  name = "github.com/json-iterator/go"
  packages = ["."]
  pruneopts = "NUT"
  revision = "acfec88f7a0d5140ace3dcdbee10184e3684a9e1"
  version = "v1.1.9"

[[projects]]
  digest = "1:58999a98719fddbac6303cb17e8d85b945f60b72f48e3a2df6b950b97fa926f1"
  name = "github.com/konsorten/go-windows-terminal-sequences"
  packages = ["."]
  pruneopts = "NUT"
  revision = "f55edac94c9bbba5d6182a4be46d86a2c9b5b50e"
  version = "v1.0.2"

[[projects]]
  digest = "1:4b2306af96f5b67269c66bc06422c6469a7c18afeeb0b721f3ec34a1112a7cbe"
  name = "github.com/mattn/go-shellwords"
  packages = ["."]
  pruneopts = "NUT"
  revision = "36a9b3c57cb5caa559ff63fb7e9b585f1c00df75"
  version = "v1.0.6"

[[projects]]
  digest = "1:5985ef4caf91ece5d54817c11ea25f182697534f8ae6521eadcd628c142ac4b6"
  name = "github.com/matttproud/golang_protobuf_extensions"
  packages = ["pbutil"]
  pruneopts = "NUT"
  revision = "c12348ce28de40eed0136aa2b644d0ee0650e56c"
  version = "v1.0.1"

[[projects]]
  digest = "1:d239a90a19b0e8f2b6f4d9515a8f8e7b2ccdc61c43fe2c9f57cd3fc3d6eee939"
  name = "github.com/miekg/pkcs11"
  packages = ["."]
  pruneopts = "NUT"
  revision = "210dc1e16747c5ba98a03bcbcf728c38086ea357"
  version = "v1.0.3"

[[projects]]
  digest = "1:a45ae66dea4c899d79fceb116accfa1892105c251f0dcd9a217ddc276b42ec68"
  name = "github.com/mitchellh/mapstructure"
  packages = ["."]
  pruneopts = "NUT"
  revision = "3536a929edddb9a5b34bd6861dc4a9647cb459fe"
  version = "v1.1.2"

[[projects]]
  digest = "1:31d7e51628b4f5ed783d6923bac666dad0cad3ab6767477efc9c01c642a61f61"
  name = "github.com/moby/buildkit"
  packages = [
    "api/services/control",
    "api/types",
    "client",
    "client/buildid",
    "client/connhelper",
    "client/llb",
    "client/ociindex",
    "frontend/gateway/client",
    "frontend/gateway/grpcclient",
    "frontend/gateway/pb",
    "identity",
    "session",
    "session/auth",
    "session/auth/authprovider",
    "session/content",
    "session/filesync",
    "session/grpchijack",
    "session/secrets",
    "session/secrets/secretsprovider",
    "session/sshforward",
    "session/sshforward/sshprovider",
    "session/upload",
    "session/upload/uploadprovider",
    "solver/pb",
    "util/apicaps",
    "util/apicaps/pb",
    "util/appcontext",
    "util/appdefaults",
    "util/entitlements",
    "util/progress/progressui",
    "util/system",
  ]
  pruneopts = "NUT"
  revision = "ae10b292fefb00e0fbf9fecd1419c5f252e58895"
  version = "v0.6.2"

[[projects]]
  digest = "1:2f42fa12d6911c7b7659738758631bec870b7e9b4c6be5444f963cdcfccc191f"
  name = "github.com/modern-go/concurrent"
  packages = ["."]
  pruneopts = "NUT"
  revision = "bacd9c7ef1dd9b15be4a9909b8ac7a4e313eec94"
  version = "1.0.3"

[[projects]]
  digest = "1:c6aca19413b13dc59c220ad7430329e2ec454cc310bc6d8de2c7e2b93c18a0f6"
  name = "github.com/modern-go/reflect2"
  packages = ["."]
  pruneopts = "NUT"
  revision = "4b7aa43c6742a2c18fdef89dd197aaae7dac7ccd"
  version = "1.0.1"

[[projects]]
  digest = "1:946bf1e858c4884cc82907463b0579dfd3b84e1b541bd49808d2bcfcb9452be0"
  name = "github.com/morikuni/aec"
  packages = ["."]
  pruneopts = "NUT"
  revision = "39771216ff4c63d11f5e604076f9c45e8be1067b"
  version = "v1.0.0"

[[projects]]
  digest = "1:f2052f4354e87a0ce0b16b55586b8d34d502d164d56d5d4397afae37f3330c42"
  name = "github.com/oklog/ulid"
  packages = ["."]
  pruneopts = "NUT"
  revision = "be3bccf06dda9a40aa6800c4736ac77f2fef987f"
  version = "v2.0.2"

[[projects]]
  digest = "1:e0cc8395ea893c898ff5eb0850f4d9851c1f57c78c232304a026379a47a552d0"
  name = "github.com/opencontainers/go-digest"
  packages = ["."]
  pruneopts = "NUT"
  revision = "279bed98673dd5bef374d3b6e4b09e2af76183bf"
  version = "v1.0.0-rc1"

[[projects]]
  digest = "1:11db38d694c130c800d0aefb502fb02519e514dc53d9804ce51d1ad25ec27db6"
  name = "github.com/opencontainers/image-spec"
  packages = [
    "specs-go",
    "specs-go/v1",
  ]
  pruneopts = "NUT"
  revision = "d60099175f88c47cd379c4738d158884749ed235"
  version = "v1.0.1"

[[projects]]
  digest = "1:d07a0ece65a74e8e2fb95356b4d2fed34a110ccd6229fe13a5e4ddcbc45d79ca"
  name = "github.com/opencontainers/runc"
  packages = [
    "libcontainer/system",
    "libcontainer/user",
  ]
  pruneopts = "NUT"
  revision = "d736ef14f0288d6993a1845745d6756cfc9ddd5a"
  version = "v1.0.0-rc9"

[[projects]]
  digest = "1:7a58202c5cdf3d2c1eb0621fe369315561cea7f036ad10f0f0479ac36bcc95eb"
  name = "github.com/opencontainers/runtime-spec"
  packages = ["specs-go"]
  pruneopts = "NUT"
  revision = "29686dbc5559d93fb1ef402eeda3e35c38d75af4"

[[projects]]
  digest = "1:6846140b3f116579680eefdc17145f2bcf064b68deb9febf86b4419a454049af"
  name = "github.com/opentracing/opentracing-go"
  packages = [
    ".",
    "ext",
    "log",
  ]
  pruneopts = "NUT"
  revision = "659c90643e714681897ec2521c60567dd21da733"
  version = "v1.1.0"

[[projects]]
  digest = "1:14715f705ff5dfe0ffd6571d7d201dd8e921030f8070321a79380d8ca4ec1a24"
  name = "github.com/pkg/errors"
  packages = ["."]
  pruneopts = "NUT"
  revision = "ba968bfe8b2f7e042a574c888954fccecfa385b4"
  version = "v0.8.1"

[[projects]]
  digest = "1:3e5fd795ebf6a9e13e67d644da76130af7a6003286531f9573f8074c228b66a3"
  name = "github.com/prometheus/client_golang"
  packages = ["prometheus"]
  pruneopts = "NUT"
  revision = "v0.8.0"

[[projects]]
  digest = "1:982be0b5396e16a663697899ce69cc7b1e71ddcae4153af157578d4dc9bc3f88"
  name = "github.com/prometheus/client_model"
  packages = ["go"]
  pruneopts = "NUT"
  revision = "d1d2010b5beead3fa1c5f271a5cf626e40b3ad6e"
  version = "v0.1.0"

[[projects]]
  digest = "1:98278956c7c550efc75a027e528aa51743f06fd0e33613d7ed224432a11e5ecf"
  name = "github.com/prometheus/common"
  packages = [
    "expfmt",
    "internal/bitbucket.org/ww/goautoneg",
    "model",
  ]
  pruneopts = "NUT"
  revision = "287d3e634a1e550c9e463dd7e5a75a422c614505"
  version = "v0.7.0"

[[projects]]
  digest = "1:a4b063a766f50cdadc1fce12053e3bde8599f1f8b7621d7e293cd2fc86543a44"
  name = "github.com/prometheus/procfs"
  packages = [
    ".",
    "internal/fs",
    "internal/util",
  ]
  pruneopts = "NUT"
  revision = "6d489fc7f1d9cd890a250f3ea3431b1744b9623f"
  version = "v0.0.8"

[[projects]]
  digest = "1:51365c3135ef6d52b4134bfa52005cb4f0cb7740a1ddc5ce46398a2ddf033eef"
  name = "github.com/qri-io/jsonpointer"
  packages = ["."]
  pruneopts = "NUT"
  revision = "43be820608971e680b60469cfc7cc0e2e75fd4ef"
  version = "v0.1.0"

[[projects]]
  digest = "1:7413856103afc3d0d748c26346ff4e82222cd57cc095e28d18194dfc50ac5582"
  name = "github.com/qri-io/jsonschema"
  packages = ["."]
  pruneopts = "NUT"
  revision = "b244d4b99401d163bd9e382fd58698794259d091"
  version = "v0.1.1"

[[projects]]
  digest = "1:f4aaa07a6c33f2b354726d0571acbc8ca118837c75709f6353203ae1a3f8eeab"
  name = "github.com/sirupsen/logrus"
  packages = ["."]
  pruneopts = "NUT"
  revision = "839c75faf7f98a33d445d181f3018b5c3409a45e"
  version = "v1.4.2"

[[projects]]
  digest = "1:d3533ee568fc00a971617ec09dc0f0b3eddfb4adbc1275f8f6332553d67506b4"
  name = "github.com/spf13/cobra"
  packages = ["."]
  pruneopts = "NUT"
  revision = "f2b07da1e2c38d5f12845a4f607e2e1018cbb1f5"
  version = "v0.0.5"

[[projects]]
  branch = "master"
  digest = "1:d115708a27806831d1babbc6f28a7478ddf8e32a7095507c816e2515fb03a810"
  name = "github.com/spf13/pflag"
  packages = ["."]
  pruneopts = "NUT"
  revision = "2e9d26c8c37aae03e3f9d4e90b7116f5accb7cab"

[[projects]]
  branch = "master"
  digest = "1:e14e467ed00ab98665623c5060fa17e3d7079be560ffc33cabafd05d35894f05"
  name = "github.com/syndtr/gocapability"
  packages = ["capability"]
  pruneopts = "NUT"
  revision = "d98352740cb2c55f81556b63d4a1ec64c5a319c2"

[[projects]]
  digest = "1:5657d02714d03999f98887942ca12e7d0492676d4485966a5a7819b84887790f"
  name = "github.com/theupdateframework/notary"
  packages = [
    ".",
    "client",
    "client/changelist",
    "cryptoservice",
    "passphrase",
    "storage",
    "trustmanager",
    "trustmanager/yubikey",
    "trustpinning",
    "tuf",
    "tuf/data",
    "tuf/signed",
    "tuf/utils",
    "tuf/validation",
  ]
  pruneopts = "NUT"
  revision = "d6e1431feb32348e0650bf7551ac5cffd01d857b"
  version = "v0.6.1"

[[projects]]
  branch = "master"
  digest = "1:bdea3f650cfe5512922a20572a93720526a983578e964f7d660a4ad8635b857c"
  name = "github.com/tonistiigi/fsutil"
  packages = [
    ".",
    "types",
  ]
  pruneopts = "NUT"
  revision = "0f039a052ca1da01626278199624b62aed9b3729"

[[projects]]
  branch = "master"
  digest = "1:763762a9a2bdf23e7367de85122859b150530111aa34fc75ce959b125a4b36a9"
  name = "github.com/tonistiigi/units"
  packages = ["."]
  pruneopts = "NUT"
  revision = "6950e57a87eaf136bbe44ef2ec8e75b9e3569de2"

[[projects]]
  branch = "master"
  digest = "1:b70423ea2ca23eb78d7729c3c98fbdf33a22059ce9ea06640066cddbbeb0006d"
  name = "github.com/wadey/gocovmerge"
  packages = ["."]
  pruneopts = "NUT"
  revision = "b5bfa59ec0adc420475f97f89b58045c721d761c"

[[projects]]
  branch = "master"
  digest = "1:6dadf98a3dd66127f7a6b0314d9dc4301e496aa5e3095b9f630bf3621c50bd13"
  name = "github.com/xeipuuv/gojsonpointer"
  packages = ["."]
  pruneopts = "NUT"
  revision = "02993c407bfbf5f6dae44c4f4b1cf6a39b5fc5bb"

[[projects]]
  branch = "master"
  digest = "1:131db546a264d76defd7a4ce233796316b2ab856991cb4b7d6ced2a3c7294ad3"
  name = "github.com/xeipuuv/gojsonreference"
  packages = ["."]
  pruneopts = "NUT"
  revision = "bd5ef7bd5415a7ac448318e64f11a24cd21e594b"

[[projects]]
  digest = "1:edc620626ec0133d5d5077fead99ccff6a63f435a55fbf53cbb40df98a0a853d"
  name = "github.com/xeipuuv/gojsonschema"
  packages = ["."]
  pruneopts = "NUT"
  revision = "82fcdeb203eb6ab2a67d0a623d9c19e5e5a64927"
  version = "v1.2.0"

[[projects]]
  branch = "master"
  digest = "1:b188a6332d225ff564f3390eae434739245650d346c241b6c51966d7ef1de5c1"
  name = "golang.org/x/crypto"
  packages = [
    "chacha20",
    "curve25519",
    "ed25519",
    "ed25519/internal/edwards25519",
    "internal/subtle",
    "pbkdf2",
    "poly1305",
    "ssh",
    "ssh/agent",
    "ssh/terminal",
  ]
  pruneopts = "NUT"
  revision = "becbf705a91575484002d598f87d74f0002801e7"

[[projects]]
  branch = "master"
  digest = "1:9d830a1f649506314c7c4cce34d07452da4635a7291de6425ea52e5d0478b345"
  name = "golang.org/x/net"
  packages = [
    "context",
    "context/ctxhttp",
    "http/httpguts",
    "http2",
    "http2/hpack",
    "idna",
    "internal/socks",
    "internal/timeseries",
    "proxy",
    "trace",
  ]
  pruneopts = "NUT"
  revision = "c0dbc17a35534bf2e581d7a942408dc936316da4"

[[projects]]
  branch = "master"
  digest = "1:b16c67a209af9d3ecf1e09d1ccee69ae6a04a6d07763819cab2b7001e8ac21de"
  name = "golang.org/x/oauth2"
  packages = [
    ".",
    "google",
    "internal",
    "jws",
    "jwt",
  ]
  pruneopts = "NUT"
  revision = "858c2ad4c8b6c5d10852cb89079f6ca1c7309787"

[[projects]]
  branch = "master"
  digest = "1:a2fc247e64b5dafd3251f12d396ec85f163d5bb38763c4997856addddf6e78d8"
  name = "golang.org/x/sync"
  packages = [
    "errgroup",
    "semaphore",
  ]
  pruneopts = "NUT"
  revision = "cd5d95a43a6e21273425c7ae415d3df9ea832eeb"

[[projects]]
  branch = "master"
  digest = "1:62505ee96fc6e1e3fb6a3e28c5647e05b5fc9927b8a4bbdcbdeedf6c9bd3b092"
  name = "golang.org/x/sys"
  packages = [
    "cpu",
    "unix",
    "windows",
  ]
  pruneopts = "NUT"
  revision = "0732a990476f7f2f5f7200b39ba4ab730c0f09f8"

[[projects]]
  digest = "1:66a2f252a58b4fbbad0e4e180e1d85a83c222b6bce09c3dcdef3dc87c72eda7c"
  name = "golang.org/x/text"
  packages = [
    "collate",
    "collate/build",
    "internal/colltab",
    "internal/gen",
    "internal/language",
    "internal/language/compact",
    "internal/tag",
    "internal/triegen",
    "internal/ucd",
    "language",
    "secure/bidirule",
    "transform",
    "unicode/bidi",
    "unicode/cldr",
    "unicode/norm",
    "unicode/rangetable",
    "width",
  ]
  pruneopts = "NUT"
  revision = "342b2e1fbaa52c93f31447ad2c6abc048c63e475"
  version = "v0.3.2"

[[projects]]
  branch = "master"
  digest = "1:a2f668c709f9078828e99cb1768cb02e876cb81030545046a32b54b2ac2a9ea8"
  name = "golang.org/x/time"
  packages = ["rate"]
  pruneopts = "NUT"
  revision = "555d28b269f0569763d25dbe1a237ae74c6bcc82"

[[projects]]
  branch = "master"
  digest = "1:c276671750a5c4cb0605e33621ae51fcf2284ffff76c35fa65e6680bbc26bf70"
  name = "golang.org/x/tools"
  packages = ["cover"]
  pruneopts = "NUT"
  revision = "f13409bbebaf4952699e53713a73474ea30e8672"

[[projects]]
  digest = "1:c381a96ea5276e8c5e98b2fa4fab83be71a959ff37dc51117555dc5059390c18"
  name = "google.golang.org/appengine"
  packages = [
    ".",
    "internal",
    "internal/app_identity",
    "internal/base",
    "internal/datastore",
    "internal/log",
    "internal/modules",
    "internal/remote_api",
    "internal/urlfetch",
    "urlfetch",
  ]
  pruneopts = "NUT"
  revision = "971852bfffca25b069c31162ae8f247a3dba083b"
  version = "v1.6.5"

[[projects]]
  branch = "master"
  digest = "1:583a0c80f5e3a9343d33aea4aead1e1afcc0043db66fdf961ddd1fe8cd3a4faf"
  name = "google.golang.org/genproto"
  packages = ["googleapis/rpc/status"]
  pruneopts = "NUT"
  revision = "5c49e3ecc1c1580952a66cb92d77bd066ecd5744"

[[projects]]
  digest = "1:3b3ed34235379b872d82165f089263f52f97185faccf35d354658933b4ecac84"
  name = "google.golang.org/grpc"
  packages = [
    ".",
    "attributes",
    "backoff",
    "balancer",
    "balancer/base",
    "balancer/roundrobin",
    "binarylog/grpc_binarylog_v1",
    "codes",
    "connectivity",
    "credentials",
    "credentials/internal",
    "encoding",
    "encoding/proto",
    "grpclog",
    "health",
    "health/grpc_health_v1",
    "internal",
    "internal/backoff",
    "internal/balancerload",
    "internal/binarylog",
    "internal/buffer",
    "internal/channelz",
    "internal/envconfig",
    "internal/grpcrand",
    "internal/grpcsync",
    "internal/resolver/dns",
    "internal/resolver/passthrough",
    "internal/syscall",
    "internal/transport",
    "keepalive",
    "metadata",
    "naming",
    "peer",
    "resolver",
    "serviceconfig",
    "stats",
    "status",
    "tap",
  ]
  pruneopts = "NUT"
  revision = "f5b0812e6fe574d90da76b205e9eb51f6ddb1919"
  version = "v1.26.0"

[[projects]]
  digest = "1:2d1fbdc6777e5408cabeb02bf336305e724b925ff4546ded0fa8715a7267922a"
  name = "gopkg.in/inf.v0"
  packages = ["."]
  pruneopts = "NUT"
  revision = "d2d2541c53f18d2a059457998ce2876cc8e67cbf"
  version = "v0.9.1"

[[projects]]
  digest = "1:1532269ea4c7a7fcb29639a46318dd00c0f99c2f308a2a2860acf5b5354b8acc"
  name = "gopkg.in/yaml.v2"
  packages = ["."]
  pruneopts = "NUT"
  revision = "1f64d6156d11335c3f22d9330b0ad14fc1e789ce"
  version = "v2.2.7"

[[projects]]
  digest = "1:9d7d5988129436e49ee34d17bf0229065f9c45e6fc85cad160464bd488dcacca"
  name = "gotest.tools"
  packages = [
    "assert",
    "assert/cmp",
    "fs",
    "golden",
    "icmd",
    "internal/difflib",
    "internal/format",
    "internal/source",
    "x/subtest",
  ]
  pruneopts = "NUT"
  revision = "1083505acf35a0bd8a696b26837e1fb3187a7a83"
  version = "v2.3.0"

[[projects]]
  digest = "1:a937ed4322409fa22924f02124fd0727c19662f73cf15406646d19bdce972df2"
  name = "k8s.io/api"
  packages = [
    "admissionregistration/v1beta1",
    "apps/v1",
    "apps/v1beta1",
    "apps/v1beta2",
    "auditregistration/v1alpha1",
    "authentication/v1",
    "authentication/v1beta1",
    "authorization/v1",
    "authorization/v1beta1",
    "autoscaling/v1",
    "autoscaling/v2beta1",
    "autoscaling/v2beta2",
    "batch/v1",
    "batch/v1beta1",
    "batch/v2alpha1",
    "certificates/v1beta1",
    "coordination/v1",
    "coordination/v1beta1",
    "core/v1",
    "events/v1beta1",
    "extensions/v1beta1",
    "networking/v1",
    "networking/v1beta1",
    "node/v1alpha1",
    "node/v1beta1",
    "policy/v1beta1",
    "rbac/v1",
    "rbac/v1alpha1",
    "rbac/v1beta1",
    "scheduling/v1",
    "scheduling/v1alpha1",
    "scheduling/v1beta1",
    "settings/v1alpha1",
    "storage/v1",
    "storage/v1alpha1",
    "storage/v1beta1",
  ]
  pruneopts = "NUT"
  revision = "kubernetes-1.14.1"

[[projects]]
  digest = "1:c65ab070987ab9e19c944c68d622f0cd1ef40aad50a057988cb53bad049a89cf"
  name = "k8s.io/apimachinery"
  packages = [
    "pkg/api/errors",
    "pkg/api/meta",
    "pkg/api/resource",
    "pkg/apis/meta/internalversion",
    "pkg/apis/meta/v1",
    "pkg/apis/meta/v1/unstructured",
    "pkg/apis/meta/v1beta1",
    "pkg/conversion",
    "pkg/conversion/queryparams",
    "pkg/fields",
    "pkg/labels",
    "pkg/runtime",
    "pkg/runtime/schema",
    "pkg/runtime/serializer",
    "pkg/runtime/serializer/json",
    "pkg/runtime/serializer/protobuf",
    "pkg/runtime/serializer/recognizer",
    "pkg/runtime/serializer/streaming",
    "pkg/runtime/serializer/versioning",
    "pkg/selection",
    "pkg/types",
    "pkg/util/cache",
    "pkg/util/clock",
    "pkg/util/diff",
    "pkg/util/errors",
    "pkg/util/framer",
    "pkg/util/intstr",
    "pkg/util/json",
    "pkg/util/naming",
    "pkg/util/net",
    "pkg/util/runtime",
    "pkg/util/sets",
    "pkg/util/validation",
    "pkg/util/validation/field",
    "pkg/util/wait",
    "pkg/util/yaml",
    "pkg/version",
    "pkg/watch",
    "third_party/forked/golang/reflect",
  ]
  pruneopts = "NUT"
  revision = "kubernetes-1.14.1"

[[projects]]
  digest = "1:6a6eba5d7837902a5faa28da8051a0f8768d7b592d076acd2eb1a227a7ec0478"
  name = "k8s.io/client-go"
  packages = [
    "discovery",
    "kubernetes",
    "kubernetes/scheme",
    "kubernetes/typed/admissionregistration/v1beta1",
    "kubernetes/typed/apps/v1",
    "kubernetes/typed/apps/v1beta1",
    "kubernetes/typed/apps/v1beta2",
    "kubernetes/typed/auditregistration/v1alpha1",
    "kubernetes/typed/authentication/v1",
    "kubernetes/typed/authentication/v1beta1",
    "kubernetes/typed/authorization/v1",
    "kubernetes/typed/authorization/v1beta1",
    "kubernetes/typed/autoscaling/v1",
    "kubernetes/typed/autoscaling/v2beta1",
    "kubernetes/typed/autoscaling/v2beta2",
    "kubernetes/typed/batch/v1",
    "kubernetes/typed/batch/v1beta1",
    "kubernetes/typed/batch/v2alpha1",
    "kubernetes/typed/certificates/v1beta1",
    "kubernetes/typed/coordination/v1",
    "kubernetes/typed/coordination/v1beta1",
    "kubernetes/typed/core/v1",
    "kubernetes/typed/events/v1beta1",
    "kubernetes/typed/extensions/v1beta1",
    "kubernetes/typed/networking/v1",
    "kubernetes/typed/networking/v1beta1",
    "kubernetes/typed/node/v1alpha1",
    "kubernetes/typed/node/v1beta1",
    "kubernetes/typed/policy/v1beta1",
    "kubernetes/typed/rbac/v1",
    "kubernetes/typed/rbac/v1alpha1",
    "kubernetes/typed/rbac/v1beta1",
    "kubernetes/typed/scheduling/v1",
    "kubernetes/typed/scheduling/v1alpha1",
    "kubernetes/typed/scheduling/v1beta1",
    "kubernetes/typed/settings/v1alpha1",
    "kubernetes/typed/storage/v1",
    "kubernetes/typed/storage/v1alpha1",
    "kubernetes/typed/storage/v1beta1",
    "pkg/apis/clientauthentication",
    "pkg/apis/clientauthentication/v1alpha1",
    "pkg/apis/clientauthentication/v1beta1",
    "pkg/version",
    "plugin/pkg/client/auth/exec",
    "plugin/pkg/client/auth/gcp",
    "rest",
    "rest/watch",
    "third_party/forked/golang/template",
    "tools/auth",
    "tools/cache",
    "tools/clientcmd",
    "tools/clientcmd/api",
    "tools/clientcmd/api/latest",
    "tools/clientcmd/api/v1",
    "tools/metrics",
    "tools/pager",
    "tools/reference",
    "transport",
    "util/cert",
    "util/connrotation",
    "util/flowcontrol",
    "util/homedir",
    "util/jsonpath",
    "util/keyutil",
    "util/retry",
  ]
  pruneopts = "NUT"
  revision = "kubernetes-1.14.1"

[[projects]]
  digest = "1:c0693cb981f43d82a767a3217b7640a4bdb341731d3814b38602f4e5dc4f01b3"
  name = "k8s.io/klog"
  packages = ["."]
  pruneopts = "NUT"
  revision = "2ca9ad30301bf30a8a6e0fa2110db6b8df699a91"
  version = "v1.0.0"

[[projects]]
  digest = "1:71d97754755a8748138fcbaa99228339423ae1a1e2c398f549626a284aeec26b"
  name = "k8s.io/kubernetes"
  packages = ["pkg/api/v1/pod"]
  pruneopts = "NUT"
  revision = "v1.14.1"

[[projects]]
  branch = "master"
  digest = "1:2d3f59daa4b479ff4e100a2e1d8fea6780040fdadc177869531fe4cc29407f55"
  name = "k8s.io/utils"
  packages = [
    "buffer",
    "integer",
    "trace",
  ]
  pruneopts = "NUT"
  revision = "f07c713de88362aef7545072487d6118bd4a3d4a"

[[projects]]
  digest = "1:8730e0150dfb2b7e173890c8b9868e7a273082ef8e39f4940e3506a481cf895c"
  name = "sigs.k8s.io/yaml"
  packages = ["."]
  pruneopts = "NUT"
  revision = "fd68e9863619f6ec2fdd8625fe1f02e7c877e480"
  version = "v1.1.0"

[[projects]]
  branch = "master"
  digest = "1:ccaa5810f7d18dbe4bacc8cfdb5b5060282fd607c78ed92f584d706012fbd40b"
  name = "vbom.ml/util"
  packages = ["sortorder"]
  pruneopts = "NUT"
  revision = "efcd4e0f97874370259c7d93e12aad57911dea81"

[solve-meta]
  analyzer-name = "dep"
  analyzer-version = 1
  input-imports = [
    "github.com/containerd/console",
    "github.com/containerd/containerd/log",
    "github.com/containerd/containerd/platforms",
    "github.com/deislabs/cnab-go/action",
    "github.com/deislabs/cnab-go/bundle",
    "github.com/deislabs/cnab-go/bundle/definition",
    "github.com/deislabs/cnab-go/claim",
    "github.com/deislabs/cnab-go/credentials",
    "github.com/deislabs/cnab-go/driver",
    "github.com/deislabs/cnab-go/driver/docker",
    "github.com/deislabs/cnab-go/utils/crud",
    "github.com/docker/buildx/build",
    "github.com/docker/buildx/driver",
    "github.com/docker/buildx/driver/docker",
    "github.com/docker/buildx/util/progress",
    "github.com/docker/cli/cli",
    "github.com/docker/cli/cli-plugins/manager",
    "github.com/docker/cli/cli-plugins/plugin",
    "github.com/docker/cli/cli/command",
    "github.com/docker/cli/cli/command/formatter",
    "github.com/docker/cli/cli/command/stack",
    "github.com/docker/cli/cli/command/stack/options",
    "github.com/docker/cli/cli/command/stack/swarm",
    "github.com/docker/cli/cli/compose/loader",
    "github.com/docker/cli/cli/compose/schema",
    "github.com/docker/cli/cli/compose/template",
    "github.com/docker/cli/cli/compose/types",
    "github.com/docker/cli/cli/config",
    "github.com/docker/cli/cli/config/configfile",
    "github.com/docker/cli/cli/config/types",
    "github.com/docker/cli/cli/context",
    "github.com/docker/cli/cli/context/docker",
    "github.com/docker/cli/cli/context/kubernetes",
    "github.com/docker/cli/cli/context/store",
    "github.com/docker/cli/cli/flags",
    "github.com/docker/cli/cli/streams",
    "github.com/docker/cli/opts",
    "github.com/docker/cli/templates",
    "github.com/docker/cnab-to-oci/relocation",
    "github.com/docker/cnab-to-oci/remotes",
    "github.com/docker/distribution/reference",
    "github.com/docker/docker/api/types",
    "github.com/docker/docker/api/types/container",
    "github.com/docker/docker/api/types/mount",
    "github.com/docker/docker/api/types/swarm",
    "github.com/docker/docker/client",
    "github.com/docker/docker/pkg/archive",
    "github.com/docker/docker/pkg/jsonmessage",
    "github.com/docker/docker/pkg/namesgenerator",
    "github.com/docker/docker/pkg/stringid",
    "github.com/docker/docker/pkg/term",
    "github.com/docker/docker/reference",
    "github.com/docker/docker/registry",
    "github.com/docker/go-units",
    "github.com/docker/go/canonical/json",
    "github.com/dustin/go-humanize",
    "github.com/hashicorp/go-multierror",
    "github.com/imdario/mergo",
    "github.com/jackpal/gateway",
    "github.com/moby/buildkit/client",
    "github.com/moby/buildkit/session",
    "github.com/moby/buildkit/session/auth/authprovider",
    "github.com/moby/buildkit/util/appcontext",
    "github.com/morikuni/aec",
    "github.com/opencontainers/go-digest",
    "github.com/opencontainers/image-spec/specs-go/v1",
    "github.com/pkg/errors",
    "github.com/sirupsen/logrus",
    "github.com/spf13/cobra",
    "github.com/spf13/pflag",
    "github.com/wadey/gocovmerge",
    "github.com/xeipuuv/gojsonschema",
    "gopkg.in/yaml.v2",
    "gotest.tools/assert",
    "gotest.tools/assert/cmp",
    "gotest.tools/fs",
    "gotest.tools/golden",
    "gotest.tools/icmd",
    "k8s.io/api/core/v1",
    "k8s.io/apimachinery/pkg/apis/meta/v1",
    "k8s.io/apimachinery/pkg/util/wait",
    "k8s.io/client-go/kubernetes/typed/core/v1",
  ]
  solver-name = "gps-cdcl"
  solver-version = 1
